
Microsoft Visual Studio Solution File, Format Version 12.00
# Visual Studio Version 17
VisualStudioVersion = 17.5.33502.453
MinimumVisualStudioVersion = 10.0.40219.1
Project("{FAE04EC0-301F-11D3-BF4B-00C04F79EFBC}") = "DataAccess", "DataAccess\DataAccess.csproj", "{D752248F-54F5-4462-B6BC-46E1285742F7}"
EndProject
Global
	GlobalSection(SolutionConfigurationPlatforms) = preSolution
		Debug|Any CPU = Debug|Any CPU
		Release|Any CPU = Release|Any CPU
	EndGlobalSection
	GlobalSection(ProjectConfigurationPlatforms) = postSolution
		{D752248F-54F5-4462-B6BC-46E1285742F7}.Debug|Any CPU.ActiveCfg = Debug|Any CPU
		{D752248F-54F5-4462-B6BC-46E1285742F7}.Debug|Any CPU.Build.0 = Debug|Any CPU
		{D752248F-54F5-4462-B6BC-46E1285742F7}.Release|Any CPU.ActiveCfg = Release|Any CPU
		{D752248F-54F5-4462-B6BC-46E1285742F7}.Release|Any CPU.Build.0 = Release|Any CPU
	EndGlobalSection
	GlobalSection(SolutionProperties) = preSolution
		HideSolutionNode = FALSE
	EndGlobalSection
	GlobalSection(ExtensibilityGlobals) = postSolution
		SolutionGuid = {7CBAE7CF-8915-4716-834D-E6DA96517644}
	EndGlobalSection
EndGlobal
